
Microsoft Visual Studio Solution File, Format Version 12.00
# Visual Studio Version 17
VisualStudioVersion = 17.0.32014.148
MinimumVisualStudioVersion = 10.0.40219.1
Project("{FAE04EC0-301F-11D3-BF4B-00C04F79EFBC}") = "Pizzacı-form", "Pizzacı-form\Pizzacı-form.csproj", "{F9E21F45-965D-4F6B-BF65-915644FE8968}"
EndProject
Global
	GlobalSection(SolutionConfigurationPlatforms) = preSolution
		Debug|Any CPU = Debug|Any CPU
		Release|Any CPU = Release|Any CPU
	EndGlobalSection
	GlobalSection(ProjectConfigurationPlatforms) = postSolution
		{F9E21F45-965D-4F6B-BF65-915644FE8968}.Debug|Any CPU.ActiveCfg = Debug|Any CPU
		{F9E21F45-965D-4F6B-BF65-915644FE8968}.Debug|Any CPU.Build.0 = Debug|Any CPU
		{F9E21F45-965D-4F6B-BF65-915644FE8968}.Release|Any CPU.ActiveCfg = Release|Any CPU
		{F9E21F45-965D-4F6B-BF65-915644FE8968}.Release|Any CPU.Build.0 = Release|Any CPU
	EndGlobalSection
	GlobalSection(SolutionProperties) = preSolution
		HideSolutionNode = FALSE
	EndGlobalSection
	GlobalSection(ExtensibilityGlobals) = postSolution
		SolutionGuid = {D9652ECA-8ADD-4090-A732-90510E9011B0}
	EndGlobalSection
EndGlobal
